// !$*UTF8*$!
{
	archiveVersion = 1;
	classes = {
	};
	objectVersion = 50;
	objects = {

/* Begin PBXBuildFile section */
		538748DE24C441DC00BCE598 /* AppDelegate.swift in Sources */ = {isa = PBXBuildFile; fileRef = 538748DD24C441DC00BCE598 /* AppDelegate.swift */; };
		538748E024C441DC00BCE598 /* SceneDelegate.swift in Sources */ = {isa = PBXBuildFile; fileRef = 538748DF24C441DC00BCE598 /* SceneDelegate.swift */; };
		538748E224C441DC00BCE598 /* RecordSoundsViewController.swift in Sources */ = {isa = PBXBuildFile; fileRef = 538748E124C441DC00BCE598 /* RecordSoundsViewController.swift */; };
		538748E524C441DC00BCE598 /* Main.storyboard in Resources */ = {isa = PBXBuildFile; fileRef = 538748E324C441DC00BCE598 /* Main.storyboard */; };
		538748E724C441DE00BCE598 /* Assets.xcassets in Resources */ = {isa = PBXBuildFile; fileRef = 538748E624C441DE00BCE598 /* Assets.xcassets */; };
		538748EA24C441DE00BCE598 /* LaunchScreen.storyboard in Resources */ = {isa = PBXBuildFile; fileRef = 538748E824C441DE00BCE598 /* LaunchScreen.storyboard */; };
		5390A13124D2EFC200C87656 /* PlaySoundsViewController.swift in Sources */ = {isa = PBXBuildFile; fileRef = 5390A13024D2EFC200C87656 /* PlaySoundsViewController.swift */; };
		5390A13524D31EF500C87656 /* Playsoundsviewcontroller-audio.swift in Sources */ = {isa = PBXBuildFile; fileRef = 5390A13424D31EF500C87656 /* Playsoundsviewcontroller-audio.swift */; };
/* End PBXBuildFile section */

/* Begin PBXFileReference section */
		538748DA24C441DC00BCE598 /* PitchPerfectV1.app */ = {isa = PBXFileReference; explicitFileType = wrapper.application; includeInIndex = 0; path = PitchPerfectV1.app; sourceTree = BUILT_PRODUCTS_DIR; };
		538748DD24C441DC00BCE598 /* AppDelegate.swift */ = {isa = PBXFileReference; lastKnownFileType = sourcecode.swift; path = AppDelegate.swift; sourceTree = "<group>"; };
		538748DF24C441DC00BCE598 /* SceneDelegate.swift */ = {isa = PBXFileReference; lastKnownFileType = sourcecode.swift; path = SceneDelegate.swift; sourceTree = "<group>"; };
		538748E124C441DC00BCE598 /* RecordSoundsViewController.swift */ = {isa = PBXFileReference; lastKnownFileType = sourcecode.swift; path = RecordSoundsViewController.swift; sourceTree = "<group>"; };
		538748E424C441DC00BCE598 /* Base */ = {isa = PBXFileReference; lastKnownFileType = file.storyboard; name = Base; path = Base.lproj/Main.storyboard; sourceTree = "<group>"; };
		538748E624C441DE00BCE598 /* Assets.xcassets */ = {isa = PBXFileReference; lastKnownFileType = folder.assetcatalog; path = Assets.xcassets; sourceTree = "<group>"; };
		538748E924C441DE00BCE598 /* Base */ = {isa = PBXFileReference; lastKnownFileType = file.storyboard; name = Base; path = Base.lproj/LaunchScreen.storyboard; sourceTree = "<group>"; };
		538748EB24C441DE00BCE598 /* Info.plist */ = {isa = PBXFileReference; lastKnownFileType = text.plist.xml; path = Info.plist; sourceTree = "<group>"; };
		5390A13024D2EFC200C87656 /* PlaySoundsViewController.swift */ = {isa = PBXFileReference; lastKnownFileType = sourcecode.swift; path = PlaySoundsViewController.swift; sourceTree = "<group>"; };
		5390A13424D31EF500C87656 /* Playsoundsviewcontroller-audio.swift */ = {isa = PBXFileReference; fileEncoding = 4; lastKnownFileType = sourcecode.swift; path = "Playsoundsviewcontroller-audio.swift"; sourceTree = "<group>"; };
/* End PBXFileReference section */

/* Begin PBXFrameworksBuildPhase section */
		538748D724C441DC00BCE598 /* Frameworks */ = {
			isa = PBXFrameworksBuildPhase;
			buildActionMask = 2147483647;
			files = (
			);
			runOnlyForDeploymentPostprocessing = 0;
		};
/* End PBXFrameworksBuildPhase section */

/* Begin PBXGroup section */
		538748D124C441DC00BCE598 = {
			isa = PBXGroup;
			children = (
				538748DC24C441DC00BCE598 /* PitchPerfectV1 */,
				538748DB24C441DC00BCE598 /* Products */,
			);
			sourceTree = "<group>";
		};
		538748DB24C441DC00BCE598 /* Products */ = {
			isa = PBXGroup;
			children = (
				538748DA24C441DC00BCE598 /* PitchPerfectV1.app */,
			);
			name = Products;
			sourceTree = "<group>";
		};
		538748DC24C441DC00BCE598 /* PitchPerfectV1 */ = {
			isa = PBXGroup;
			children = (
				5390A13424D31EF500C87656 /* Playsoundsviewcontroller-audio.swift */,
				538748E624C441DE00BCE598 /* Assets.xcassets */,
				538748DD24C441DC00BCE598 /* AppDelegate.swift */,
				538748DF24C441DC00BCE598 /* SceneDelegate.swift */,
				538748E124C441DC00BCE598 /* RecordSoundsViewController.swift */,
				538748E324C441DC00BCE598 /* Main.storyboard */,
				538748E824C441DE00BCE598 /* LaunchScreen.storyboard */,
				538748EB24C441DE00BCE598 /* Info.plist */,
				5390A13024D2EFC200C87656 /* PlaySoundsViewController.swift */,
			);
			path = PitchPerfectV1;
			sourceTree = "<group>";
		};
/* End PBXGroup section */

/* Begin PBXNativeTarget section */
		538748D924C441DC00BCE598 /* PitchPerfectV1 */ = {
			isa = PBXNativeTarget;
			buildConfigurationList = 538748EE24C441DE00BCE598 /* Build configuration list for PBXNativeTarget "PitchPerfectV1" */;
			buildPhases = (
				538748D624C441DC00BCE598 /* Sources */,
				538748D724C441DC00BCE598 /* Frameworks */,
				538748D824C441DC00BCE598 /* Resources */,
			);
			buildRules = (
			);
			dependencies = (
			);
			name = PitchPerfectV1;
			productName = PitchPerfectV1;
			productReference = 538748DA24C441DC00BCE598 /* PitchPerfectV1.app */;
			productType = "com.apple.product-type.application";
		};
/* End PBXNativeTarget section */

/* Begin PBXProject section */
		538748D224C441DC00BCE598 /* Project object */ = {
			isa = PBXProject;
			attributes = {
				LastSwiftUpdateCheck = 1160;
				LastUpgradeCheck = 1160;
				ORGANIZATIONNAME = "Digit Com";
				TargetAttributes = {
					538748D924C441DC00BCE598 = {
						CreatedOnToolsVersion = 11.6;
					};
				};
			};
			buildConfigurationList = 538748D524C441DC00BCE598 /* Build configuration list for PBXProject "PitchPerfectV1" */;
			compatibilityVersion = "Xcode 9.3";
			developmentRegion = en;
			hasScannedForEncodings = 0;
			knownRegions = (
				en,
				Base,
			);
			mainGroup = 538748D124C441DC00BCE598;
			productRefGroup = 538748DB24C441DC00BCE598 /* Products */;
			projectDirPath = "";
			projectRoot = "";
			targets = (
				538748D924C441DC00BCE598 /* PitchPerfectV1 */,
			);
		};
/* End PBXProject section */

/* Begin PBXResourcesBuildPhase section */
		538748D824C441DC00BCE598 /* Resources */ = {
			isa = PBXResourcesBuildPhase;
			buildActionMask = 2147483647;
			files = (
				538748EA24C441DE00BCE598 /* LaunchScreen.storyboard in Resources */,
				538748E724C441DE00BCE598 /* Assets.xcassets in Resources */,
				538748E524C441DC00BCE598 /* Main.storyboard in Resources */,
			);
			runOnlyForDeploymentPostprocessing = 0;
		};
/* End PBXResourcesBuildPhase section */

/* Begin PBXSourcesBuildPhase section */
		538748D624C441DC00BCE598 /* Sources */ = {
			isa = PBXSourcesBuildPhase;
			buildActionMask = 2147483647;
			files = (
				538748E224C441DC00BCE598 /* RecordSoundsViewController.swift in Sources */,
				5390A13524D31EF500C87656 /* Playsoundsviewcontroller-audio.swift in Sources */,
				538748DE24C441DC00BCE598 /* AppDelegate.swift in Sources */,
				5390A13124D2EFC200C87656 /* PlaySoundsViewController.swift in Sources */,
				538748E024C441DC00BCE598 /* SceneDelegate.swift in Sources */,
			);
			runOnlyForDeploymentPostprocessing = 0;
		};
/* End PBXSourcesBuildPhase section */

/* Begin PBXVariantGroup section */
		538748E324C441DC00BCE598 /* Main.storyboard */ = {
			isa = PBXVariantGroup;
			children = (
				538748E424C441DC00BCE598 /* Base */,
			);
			name = Main.storyboard;
			sourceTree = "<group>";
		};
		538748E824C441DE00BCE598 /* LaunchScreen.storyboard */ = {
			isa = PBXVariantGroup;
			children = (
				538748E924C441DE00BCE598 /* Base */,
			);
			name = LaunchScreen.storyboard;
			sourceTree = "<group>";
		};
/* End PBXVariantGroup section */

/* Begin XCBuildConfiguration section */
		538748EC24C441DE00BCE598 /* Debug */ = {
			isa = XCBuildConfiguration;
			buildSettings = {
				ALWAYS_SEARCH_USER_PATHS = NO;
				CLANG_ANALYZER_NONNULL = YES;
				CLANG_ANALYZER_NUMBER_OBJECT_CONVERSION = YES_AGGRESSIVE;
				CLANG_CXX_LANGUAGE_STANDARD = "gnu++14";
				CLANG_CXX_LIBRARY = "libc++";
				CLANG_ENABLE_MODULES = YES;
				CLANG_ENABLE_OBJC_ARC = YES;
				CLANG_ENABLE_OBJC_WEAK = YES;
				CLANG_WARN_BLOCK_CAPTURE_AUTORELEASING = YES;
				CLANG_WARN_BOOL_CONVERSION = YES;
				CLANG_WARN_COMMA = YES;
				CLANG_WARN_CONSTANT_CONVERSION = YES;
				CLANG_WARN_DEPRECATED_OBJC_IMPLEMENTATIONS = YES;
				CLANG_WARN_DIRECT_OBJC_ISA_USAGE = YES_ERROR;
				CLANG_WARN_DOCUMENTATION_COMMENTS = YES;
				CLANG_WARN_EMPTY_BODY = YES;
				CLANG_WARN_ENUM_CONVERSION = YES;
				CLANG_WARN_INFINITE_RECURSION = YES;
				CLANG_WARN_INT_CONVERSION = YES;
				CLANG_WARN_NON_LITERAL_NULL_CONVERSION = YES;
				CLANG_WARN_OBJC_IMPLICIT_RETAIN_SELF = YES;
				CLANG_WARN_OBJC_LITERAL_CONVERSION = YES;
				CLANG_WARN_OBJC_ROOT_CLASS = YES_ERROR;
				CLANG_WARN_RANGE_LOOP_ANALYSIS = YES;
				CLANG_WARN_STRICT_PROTOTYPES = YES;
				CLANG_WARN_SUSPICIOUS_MOVE = YES;
				CLANG_WARN_UNGUARDED_AVAILABILITY = YES_AGGRESSIVE;
				CLANG_WARN_UNREACHABLE_CODE = YES;
				CLANG_WARN__DUPLICATE_METHOD_MATCH = YES;
				COPY_PHASE_STRIP = NO;
				DEBUG_INFORMATION_FORMAT = dwarf;
				ENABLE_STRICT_OBJC_MSGSEND = YES;
				ENABLE_TESTABILITY = YES;
				GCC_C_LANGUAGE_STANDARD = gnu11;
				GCC_DYNAMIC_NO_PIC = NO;
				GCC_NO_COMMON_BLOCKS = YES;
				GCC_OPTIMIZATION_LEVEL = 0;
				GCC_PREPROCESSOR_DEFINITIONS = (
					"DEBUG=1",
					"$(inherited)",
				);
				GCC_WARN_64_TO_32_BIT_CONVERSION = YES;
				GCC_WARN_ABOUT_RETURN_TYPE = YES_ERROR;
				GCC_WARN_UNDECLARED_SELECTOR = YES;
				GCC_WARN_UNINITIALIZED_AUTOS = YES_AGGRESSIVE;
				GCC_WARN_UNUSED_FUNCTION = YES;
				GCC_WARN_UNUSED_VARIABLE = YES;
				IPHONEOS_DEPLOYMENT_TARGET = 13.6;
				MTL_ENABLE_DEBUG_INFO = INCLUDE_SOURCE;
				MTL_FAST_MATH = YES;
				ONLY_ACTIVE_ARCH = YES;
				SDKROOT = iphoneos;
				SWIFT_ACTIVE_COMPILATION_CONDITIONS = DEBUG;
				SWIFT_OPTIMIZATION_LEVEL = "-Onone";
			};
			name = Debug;
		};
		538748ED24C441DE00BCE598 /* Release */ = {
			isa = XCBuildConfiguration;
			buildSettings = {
				ALWAYS_SEARCH_USER_PATHS = NO;
				CLANG_ANALYZER_NONNULL = YES;
				CLANG_ANALYZER_NUMBER_OBJECT_CONVERSION = YES_AGGRESSIVE;
				CLANG_CXX_LANGUAGE_STANDARD = "gnu++14";
				CLANG_CXX_LIBRARY = "libc++";
				CLANG_ENABLE_MODULES = YES;
				CLANG_ENABLE_OBJC_ARC = YES;
				CLANG_ENABLE_OBJC_WEAK = YES;
				CLANG_WARN_BLOCK_CAPTURE_AUTORELEASING = YES;
				CLANG_WARN_BOOL_CONVERSION = YES;
				CLANG_WARN_COMMA = YES;
				CLANG_WARN_CONSTANT_CONVERSION = YES;
				CLANG_WARN_DEPRECATED_OBJC_IMPLEMENTATIONS = YES;
				CLANG_WARN_DIRECT_OBJC_ISA_USAGE = YES_ERROR;
				CLANG_WARN_DOCUMENTATION_COMMENTS = YES;
				CLANG_WARN_EMPTY_BODY = YES;
				CLANG_WARN_ENUM_CONVERSION = YES;
				CLANG_WARN_INFINITE_RECURSION = YES;
				CLANG_WARN_INT_CONVERSION = YES;
				CLANG_WARN_NON_LITERAL_NULL_CONVERSION = YES;
				CLANG_WARN_OBJC_IMPLICIT_RETAIN_SELF = YES;
				CLANG_WARN_OBJC_LITERAL_CONVERSION = YES;
				CLANG_WARN_OBJC_ROOT_CLASS = YES_ERROR;
				CLANG_WARN_RANGE_LOOP_ANALYSIS = YES;
				CLANG_WARN_STRICT_PROTOTYPES = YES;
				CLANG_WARN_SUSPICIOUS_MOVE = YES;
				CLANG_WARN_UNGUARDED_AVAILABILITY = YES_AGGRESSIVE;
				CLANG_WARN_UNREACHABLE_CODE = YES;
				CLANG_WARN__DUPLICATE_METHOD_MATCH = YES;
				COPY_PHASE_STRIP = NO;
				DEBUG_INFORMATION_FORMAT = "dwarf-with-dsym";
				ENABLE_NS_ASSERTIONS = NO;
				ENABLE_STRICT_OBJC_MSGSEND = YES;
				GCC_C_LANGUAGE_STANDARD = gnu11;
				GCC_NO_COMMON_BLOCKS = YES;
				GCC_WARN_64_TO_32_BIT_CONVERSION = YES;
				GCC_WARN_ABOUT_RETURN_TYPE = YES_ERROR;
				GCC_WARN_UNDECLARED_SELECTOR = YES;
				GCC_WARN_UNINITIALIZED_AUTOS = YES_AGGRESSIVE;
				GCC_WARN_UNUSED_FUNCTION = YES;
				GCC_WARN_UNUSED_VARIABLE = YES;
				IPHONEOS_DEPLOYMENT_TARGET = 13.6;
				MTL_ENABLE_DEBUG_INFO = NO;
				MTL_FAST_MATH = YES;
				SDKROOT = iphoneos;
				SWIFT_COMPILATION_MODE = wholemodule;
				SWIFT_OPTIMIZATION_LEVEL = "-O";
				VALIDATE_PRODUCT = YES;
			};
			name = Release;
		};
		538748EF24C441DE00BCE598 /* Debug */ = {
			isa = XCBuildConfiguration;
			buildSettings = {
				ASSETCATALOG_COMPILER_APPICON_NAME = AppIcon;
				CODE_SIGN_STYLE = Automatic;
				DEVELOPMENT_TEAM = 5Y2NC74DDH;
				INFOPLIST_FILE = PitchPerfectV1/Info.plist;
				IPHONEOS_DEPLOYMENT_TARGET = 13.6;
				LD_RUNPATH_SEARCH_PATHS = (
					"$(inherited)",
					"@executable_path/Frameworks",
				);
				PRODUCT_BUNDLE_IDENTIFIER = be.digitcom.PitchPerfectV1;
				PRODUCT_NAME = "$(TARGET_NAME)";
				SWIFT_VERSION = 5.0;
				TARGETED_DEVICE_FAMILY = "1,2";
			};
			name = Debug;
		};
		538748F024C441DE00BCE598 /* Release */ = {
			isa = XCBuildConfiguration;
			buildSettings = {
				ASSETCATALOG_COMPILER_APPICON_NAME = AppIcon;
				CODE_SIGN_STYLE = Automatic;
				DEVELOPMENT_TEAM = 5Y2NC74DDH;
				INFOPLIST_FILE = PitchPerfectV1/Info.plist;
				IPHONEOS_DEPLOYMENT_TARGET = 13.6;
				LD_RUNPATH_SEARCH_PATHS = (
					"$(inherited)",
					"@executable_path/Frameworks",
				);
				PRODUCT_BUNDLE_IDENTIFIER = be.digitcom.PitchPerfectV1;
				PRODUCT_NAME = "$(TARGET_NAME)";
				SWIFT_VERSION = 5.0;
				TARGETED_DEVICE_FAMILY = "1,2";
			};
			name = Release;
		};
/* End XCBuildConfiguration section */

/* Begin XCConfigurationList section */
		538748D524C441DC00BCE598 /* Build configuration list for PBXProject "PitchPerfectV1" */ = {
			isa = XCConfigurationList;
			buildConfigurations = (
				538748EC24C441DE00BCE598 /* Debug */,
				538748ED24C441DE00BCE598 /* Release */,
			);
			defaultConfigurationIsVisible = 0;
			defaultConfigurationName = Release;
		};
		538748EE24C441DE00BCE598 /* Build configuration list for PBXNativeTarget "PitchPerfectV1" */ = {
			isa = XCConfigurationList;
			buildConfigurations = (
				538748EF24C441DE00BCE598 /* Debug */,
				538748F024C441DE00BCE598 /* Release */,
			);
			defaultConfigurationIsVisible = 0;
			defaultConfigurationName = Release;
		};
/* End XCConfigurationList section */
	};
	rootObject = 538748D224C441DC00BCE598 /* Project object */;
}
